
Microsoft Visual Studio Solution File, Format Version 12.00
# Visual Studio Version 16
VisualStudioVersion = 16.0.32413.511
MinimumVisualStudioVersion = 10.0.40219.1
Project("{FAE04EC0-301F-11D3-BF4B-00C04F79EFBC}") = "MyELearningProject", "MyELearningProject\MyELearningProject.csproj", "{1EC6B039-74EE-47A7-87FE-58A6C4229BFF}"
EndProject
Global
	GlobalSection(SolutionConfigurationPlatforms) = preSolution
		Debug|Any CPU = Debug|Any CPU
		Release|Any CPU = Release|Any CPU
	EndGlobalSection
	GlobalSection(ProjectConfigurationPlatforms) = postSolution
		{1EC6B039-74EE-47A7-87FE-58A6C4229BFF}.Debug|Any CPU.ActiveCfg = Debug|Any CPU
		{1EC6B039-74EE-47A7-87FE-58A6C4229BFF}.Debug|Any CPU.Build.0 = Debug|Any CPU
		{1EC6B039-74EE-47A7-87FE-58A6C4229BFF}.Release|Any CPU.ActiveCfg = Release|Any CPU
		{1EC6B039-74EE-47A7-87FE-58A6C4229BFF}.Release|Any CPU.Build.0 = Release|Any CPU
	EndGlobalSection
	GlobalSection(SolutionProperties) = preSolution
		HideSolutionNode = FALSE
	EndGlobalSection
	GlobalSection(ExtensibilityGlobals) = postSolution
		SolutionGuid = {23181BEB-631F-484B-89DF-8099E2867DF9}
	EndGlobalSection
EndGlobal
